
Microsoft Visual Studio Solution File, Format Version 12.00
# Visual Studio Version 16
VisualStudioVersion = 16.0.29025.244
MinimumVisualStudioVersion = 10.0.40219.1
Project("{FAE04EC0-301F-11D3-BF4B-00C04F79EFBC}") = "petSolution", "petSolution.csproj", "{7840CDF1-DADC-4239-BEBF-1A990B24362E}"
EndProject
Global
	GlobalSection(SolutionConfigurationPlatforms) = preSolution
		Debug|Any CPU = Debug|Any CPU
		Release|Any CPU = Release|Any CPU
	EndGlobalSection
	GlobalSection(ProjectConfigurationPlatforms) = postSolution
		{7840CDF1-DADC-4239-BEBF-1A990B24362E}.Debug|Any CPU.ActiveCfg = Debug|Any CPU
		{7840CDF1-DADC-4239-BEBF-1A990B24362E}.Debug|Any CPU.Build.0 = Debug|Any CPU
		{7840CDF1-DADC-4239-BEBF-1A990B24362E}.Release|Any CPU.ActiveCfg = Release|Any CPU
		{7840CDF1-DADC-4239-BEBF-1A990B24362E}.Release|Any CPU.Build.0 = Release|Any CPU
	EndGlobalSection
	GlobalSection(SolutionProperties) = preSolution
		HideSolutionNode = FALSE
	EndGlobalSection
	GlobalSection(ExtensibilityGlobals) = postSolution
		SolutionGuid = {6993C5E6-9398-4301-961C-617BC6974095}
	EndGlobalSection
EndGlobal
